
Microsoft Visual Studio Solution File, Format Version 12.00
# Visual Studio Version 17
VisualStudioVersion = 17.3.32929.385
MinimumVisualStudioVersion = 10.0.40219.1
Project("{FAE04EC0-301F-11D3-BF4B-00C04F79EFBC}") = "VaranasiWeddingStudio", "VaranasiWeddingStudio\VaranasiWeddingStudio.csproj", "{8FA40FFC-E1B4-4FA7-93F6-281FE8659835}"
EndProject
Global
	GlobalSection(SolutionConfigurationPlatforms) = preSolution
		Debug|Any CPU = Debug|Any CPU
		Release|Any CPU = Release|Any CPU
	EndGlobalSection
	GlobalSection(ProjectConfigurationPlatforms) = postSolution
		{8FA40FFC-E1B4-4FA7-93F6-281FE8659835}.Debug|Any CPU.ActiveCfg = Debug|Any CPU
		{8FA40FFC-E1B4-4FA7-93F6-281FE8659835}.Debug|Any CPU.Build.0 = Debug|Any CPU
		{8FA40FFC-E1B4-4FA7-93F6-281FE8659835}.Release|Any CPU.ActiveCfg = Release|Any CPU
		{8FA40FFC-E1B4-4FA7-93F6-281FE8659835}.Release|Any CPU.Build.0 = Release|Any CPU
	EndGlobalSection
	GlobalSection(SolutionProperties) = preSolution
		HideSolutionNode = FALSE
	EndGlobalSection
	GlobalSection(ExtensibilityGlobals) = postSolution
		SolutionGuid = {69C83CFA-EBD9-44D9-8324-5BC4B9516BD4}
	EndGlobalSection
EndGlobal
